
Microsoft Visual Studio Solution File, Format Version 12.00
# Visual Studio 14
VisualStudioVersion = 14.0.25420.1
MinimumVisualStudioVersion = 10.0.40219.1
Project("{FAE04EC0-301F-11D3-BF4B-00C04F79EFBC}") = "Sitecore.React.Demo", "src\Sitecore.React.Demo\Sitecore.React.Demo.csproj", "{D8E05C8B-AA55-4D33-A369-F334D5249DEC}"
EndProject
Project("{CAA73BB0-EF22-4D79-A57E-DF67B3BA9C80}") = "TDS.Master", "src\TDS.Master\TDS.Master.scproj", "{66C81AD8-FDDC-4667-AC90-60BB79DA51CD}"
EndProject
Global
	GlobalSection(SolutionConfigurationPlatforms) = preSolution
		Debug|Any CPU = Debug|Any CPU
		Release|Any CPU = Release|Any CPU
	EndGlobalSection
	GlobalSection(ProjectConfigurationPlatforms) = postSolution
		{D8E05C8B-AA55-4D33-A369-F334D5249DEC}.Debug|Any CPU.ActiveCfg = Debug|Any CPU
		{D8E05C8B-AA55-4D33-A369-F334D5249DEC}.Debug|Any CPU.Build.0 = Debug|Any CPU
		{D8E05C8B-AA55-4D33-A369-F334D5249DEC}.Release|Any CPU.ActiveCfg = Release|Any CPU
		{D8E05C8B-AA55-4D33-A369-F334D5249DEC}.Release|Any CPU.Build.0 = Release|Any CPU
		{66C81AD8-FDDC-4667-AC90-60BB79DA51CD}.Debug|Any CPU.ActiveCfg = Debug|Any CPU
		{66C81AD8-FDDC-4667-AC90-60BB79DA51CD}.Debug|Any CPU.Build.0 = Debug|Any CPU
		{66C81AD8-FDDC-4667-AC90-60BB79DA51CD}.Debug|Any CPU.Deploy.0 = Debug|Any CPU
		{66C81AD8-FDDC-4667-AC90-60BB79DA51CD}.Release|Any CPU.ActiveCfg = Release|Any CPU
		{66C81AD8-FDDC-4667-AC90-60BB79DA51CD}.Release|Any CPU.Build.0 = Release|Any CPU
		{66C81AD8-FDDC-4667-AC90-60BB79DA51CD}.Release|Any CPU.Deploy.0 = Release|Any CPU
	EndGlobalSection
	GlobalSection(SolutionProperties) = preSolution
		HideSolutionNode = FALSE
	EndGlobalSection
EndGlobal
